
Microsoft Visual Studio Solution File, Format Version 12.00
# Visual Studio Version 17
VisualStudioVersion = 17.4.33122.133
MinimumVisualStudioVersion = 10.0.40219.1
Project("{FAE04EC0-301F-11D3-BF4B-00C04F79EFBC}") = "Estagiei", "Estagiei\Estagiei.csproj", "{B38C6A00-28CF-41E0-8E32-B988CE6C6D94}"
EndProject
Project("{FAE04EC0-301F-11D3-BF4B-00C04F79EFBC}") = "Estagiei.Tests", "Estagiei.Tests\Estagiei.Tests.csproj", "{59837EF1-AC97-4382-9909-0A795376A891}"
EndProject
Global
	GlobalSection(SolutionConfigurationPlatforms) = preSolution
		Debug|Any CPU = Debug|Any CPU
		Release|Any CPU = Release|Any CPU
	EndGlobalSection
	GlobalSection(ProjectConfigurationPlatforms) = postSolution
		{B38C6A00-28CF-41E0-8E32-B988CE6C6D94}.Debug|Any CPU.ActiveCfg = Debug|Any CPU
		{B38C6A00-28CF-41E0-8E32-B988CE6C6D94}.Debug|Any CPU.Build.0 = Debug|Any CPU
		{B38C6A00-28CF-41E0-8E32-B988CE6C6D94}.Release|Any CPU.ActiveCfg = Release|Any CPU
		{B38C6A00-28CF-41E0-8E32-B988CE6C6D94}.Release|Any CPU.Build.0 = Release|Any CPU
		{59837EF1-AC97-4382-9909-0A795376A891}.Debug|Any CPU.ActiveCfg = Debug|Any CPU
		{59837EF1-AC97-4382-9909-0A795376A891}.Debug|Any CPU.Build.0 = Debug|Any CPU
		{59837EF1-AC97-4382-9909-0A795376A891}.Release|Any CPU.ActiveCfg = Release|Any CPU
		{59837EF1-AC97-4382-9909-0A795376A891}.Release|Any CPU.Build.0 = Release|Any CPU
	EndGlobalSection
	GlobalSection(SolutionProperties) = preSolution
		HideSolutionNode = FALSE
	EndGlobalSection
	GlobalSection(ExtensibilityGlobals) = postSolution
		SolutionGuid = {BDD9362F-0AC5-42AC-842E-DE55A65893BA}
	EndGlobalSection
EndGlobal
