
Microsoft Visual Studio Solution File, Format Version 12.00
# Visual Studio Version 17
VisualStudioVersion = 17.4.33122.133
MinimumVisualStudioVersion = 10.0.40219.1
Project("{FAE04EC0-301F-11D3-BF4B-00C04F79EFBC}") = "Estagiei", "Estagiei\Estagiei.csproj", "{3E03768F-3934-4D08-81BF-A86A5AA71669}"
EndProject
Global
	GlobalSection(SolutionConfigurationPlatforms) = preSolution
		Debug|Any CPU = Debug|Any CPU
		Release|Any CPU = Release|Any CPU
	EndGlobalSection
	GlobalSection(ProjectConfigurationPlatforms) = postSolution
		{3E03768F-3934-4D08-81BF-A86A5AA71669}.Debug|Any CPU.ActiveCfg = Debug|Any CPU
		{3E03768F-3934-4D08-81BF-A86A5AA71669}.Debug|Any CPU.Build.0 = Debug|Any CPU
		{3E03768F-3934-4D08-81BF-A86A5AA71669}.Release|Any CPU.ActiveCfg = Release|Any CPU
		{3E03768F-3934-4D08-81BF-A86A5AA71669}.Release|Any CPU.Build.0 = Release|Any CPU
	EndGlobalSection
	GlobalSection(SolutionProperties) = preSolution
		HideSolutionNode = FALSE
	EndGlobalSection
	GlobalSection(ExtensibilityGlobals) = postSolution
		SolutionGuid = {AF0EF160-3889-4BBA-AAA6-C297A8F41B71}
	EndGlobalSection
EndGlobal
